
Microsoft Visual Studio Solution File, Format Version 11.00
# Visual Studio 2010
Project("{FAE04EC0-301F-11D3-BF4B-00C04F79EFBC}") = "21", "21\21.csproj", "{130CC29A-E33E-4F7B-BFF2-F755D267CCFA}"
EndProject
Global
	GlobalSection(SolutionConfigurationPlatforms) = preSolution
		Debug|Any CPU = Debug|Any CPU
		Release|Any CPU = Release|Any CPU
	EndGlobalSection
	GlobalSection(ProjectConfigurationPlatforms) = postSolution
		{130CC29A-E33E-4F7B-BFF2-F755D267CCFA}.Debug|Any CPU.ActiveCfg = Debug|Any CPU
		{130CC29A-E33E-4F7B-BFF2-F755D267CCFA}.Debug|Any CPU.Build.0 = Debug|Any CPU
		{130CC29A-E33E-4F7B-BFF2-F755D267CCFA}.Debug|Any CPU.Deploy.0 = Debug|Any CPU
		{130CC29A-E33E-4F7B-BFF2-F755D267CCFA}.Release|Any CPU.ActiveCfg = Release|Any CPU
		{130CC29A-E33E-4F7B-BFF2-F755D267CCFA}.Release|Any CPU.Build.0 = Release|Any CPU
		{130CC29A-E33E-4F7B-BFF2-F755D267CCFA}.Release|Any CPU.Deploy.0 = Release|Any CPU
	EndGlobalSection
	GlobalSection(SolutionProperties) = preSolution
		HideSolutionNode = FALSE
	EndGlobalSection
EndGlobal
